
Microsoft Visual Studio Solution File, Format Version 12.00
# Visual Studio Version 17
VisualStudioVersion = 17.6.33801.468
MinimumVisualStudioVersion = 10.0.40219.1
Project("{FAE04EC0-301F-11D3-BF4B-00C04F79EFBC}") = "MiddlewareTurtorial", "MiddlewareTurtorial.csproj", "{A60D375C-6F13-4A06-B024-FB8381C159F7}"
EndProject
Global
	GlobalSection(SolutionConfigurationPlatforms) = preSolution
		Debug|Any CPU = Debug|Any CPU
		Release|Any CPU = Release|Any CPU
	EndGlobalSection
	GlobalSection(ProjectConfigurationPlatforms) = postSolution
		{A60D375C-6F13-4A06-B024-FB8381C159F7}.Debug|Any CPU.ActiveCfg = Debug|Any CPU
		{A60D375C-6F13-4A06-B024-FB8381C159F7}.Debug|Any CPU.Build.0 = Debug|Any CPU
		{A60D375C-6F13-4A06-B024-FB8381C159F7}.Release|Any CPU.ActiveCfg = Release|Any CPU
		{A60D375C-6F13-4A06-B024-FB8381C159F7}.Release|Any CPU.Build.0 = Release|Any CPU
	EndGlobalSection
	GlobalSection(SolutionProperties) = preSolution
		HideSolutionNode = FALSE
	EndGlobalSection
	GlobalSection(ExtensibilityGlobals) = postSolution
		SolutionGuid = {6ECAE956-BF53-4A53-ADFD-90FA16FF3170}
	EndGlobalSection
EndGlobal
